
Microsoft Visual Studio Solution File, Format Version 12.00
# Visual Studio Version 17
VisualStudioVersion = 17.3.32811.315
MinimumVisualStudioVersion = 10.0.40219.1
Project("{FAE04EC0-301F-11D3-BF4B-00C04F79EFBC}") = "CRUDAPI", "CRUDAPI\CRUDAPI.csproj", "{DA837D8A-7B4C-42BC-8BE0-0DFB9405855C}"
EndProject
Global
	GlobalSection(SolutionConfigurationPlatforms) = preSolution
		Debug|Any CPU = Debug|Any CPU
		Release|Any CPU = Release|Any CPU
	EndGlobalSection
	GlobalSection(ProjectConfigurationPlatforms) = postSolution
		{DA837D8A-7B4C-42BC-8BE0-0DFB9405855C}.Debug|Any CPU.ActiveCfg = Debug|Any CPU
		{DA837D8A-7B4C-42BC-8BE0-0DFB9405855C}.Debug|Any CPU.Build.0 = Debug|Any CPU
		{DA837D8A-7B4C-42BC-8BE0-0DFB9405855C}.Release|Any CPU.ActiveCfg = Release|Any CPU
		{DA837D8A-7B4C-42BC-8BE0-0DFB9405855C}.Release|Any CPU.Build.0 = Release|Any CPU
	EndGlobalSection
	GlobalSection(SolutionProperties) = preSolution
		HideSolutionNode = FALSE
	EndGlobalSection
	GlobalSection(ExtensibilityGlobals) = postSolution
		SolutionGuid = {B3C9E9EA-B756-4D79-B921-762B736DE1C9}
	EndGlobalSection
EndGlobal
